
Microsoft Visual Studio Solution File, Format Version 12.00
# Visual Studio Version 16
VisualStudioVersion = 16.0.31005.135
MinimumVisualStudioVersion = 10.0.40219.1
Project("{FAE04EC0-301F-11D3-BF4B-00C04F79EFBC}") = "Deliverable 3 Methods", "Deliverable 3 Methods.csproj", "{5140AA5C-44FE-4B5A-9941-B8F6D0E3BD45}"
EndProject
Global
	GlobalSection(SolutionConfigurationPlatforms) = preSolution
		Debug|Any CPU = Debug|Any CPU
		Release|Any CPU = Release|Any CPU
	EndGlobalSection
	GlobalSection(ProjectConfigurationPlatforms) = postSolution
		{5140AA5C-44FE-4B5A-9941-B8F6D0E3BD45}.Debug|Any CPU.ActiveCfg = Debug|Any CPU
		{5140AA5C-44FE-4B5A-9941-B8F6D0E3BD45}.Debug|Any CPU.Build.0 = Debug|Any CPU
		{5140AA5C-44FE-4B5A-9941-B8F6D0E3BD45}.Release|Any CPU.ActiveCfg = Release|Any CPU
		{5140AA5C-44FE-4B5A-9941-B8F6D0E3BD45}.Release|Any CPU.Build.0 = Release|Any CPU
	EndGlobalSection
	GlobalSection(SolutionProperties) = preSolution
		HideSolutionNode = FALSE
	EndGlobalSection
	GlobalSection(ExtensibilityGlobals) = postSolution
		SolutionGuid = {58822C68-CC4C-445E-B2DB-E4ADC05C8E45}
	EndGlobalSection
EndGlobal
